PODS:
  - MeasurementTextField (0.1)

DEPENDENCIES:
  - MeasurementTextField (from `../`)

EXTERNAL SOURCES:
  MeasurementTextField:
    :path: ../

SPEC CHECKSUMS:
  MeasurementTextField: 3d46db721bef45c17f1118c5ec138931f08809fa

PODFILE CHECKSUM: 76875927e61cb35ab0d86243e6c3241f84bb1bbc

COCOAPODS: 1.3.1
